
Microsoft Visual Studio Solution File, Format Version 12.00
# Visual Studio Version 17
VisualStudioVersion = 17.0.31903.59
MinimumVisualStudioVersion = 10.0.40219.1
Project("{FAE04EC0-301F-11D3-BF4B-00C04F79EFBC}") = "OmniExtract.Core", "OmniExtract.Core\OmniExtract.Core.csproj", "{3C8526AE-673B-48ED-BA31-B890A5759D1E}"
EndProject
Project("{FAE04EC0-301F-11D3-BF4B-00C04F79EFBC}") = "OmniExtract.App", "OmniExtract.App\OmniExtract.App.csproj", "{256F6419-046B-4694-BB5F-D5B7EB1256B5}"
EndProject
Global
	GlobalSection(SolutionConfigurationPlatforms) = preSolution
		Debug|Any CPU = Debug|Any CPU
		Release|Any CPU = Release|Any CPU
	EndGlobalSection
	GlobalSection(SolutionProperties) = preSolution
		HideSolutionNode = FALSE
	EndGlobalSection
	GlobalSection(ProjectConfigurationPlatforms) = postSolution
		{3C8526AE-673B-48ED-BA31-B890A5759D1E}.Debug|Any CPU.ActiveCfg = Debug|Any CPU
		{3C8526AE-673B-48ED-BA31-B890A5759D1E}.Debug|Any CPU.Build.0 = Debug|Any CPU
		{3C8526AE-673B-48ED-BA31-B890A5759D1E}.Release|Any CPU.ActiveCfg = Release|Any CPU
		{3C8526AE-673B-48ED-BA31-B890A5759D1E}.Release|Any CPU.Build.0 = Release|Any CPU
		{256F6419-046B-4694-BB5F-D5B7EB1256B5}.Debug|Any CPU.ActiveCfg = Debug|Any CPU
		{256F6419-046B-4694-BB5F-D5B7EB1256B5}.Debug|Any CPU.Build.0 = Debug|Any CPU
		{256F6419-046B-4694-BB5F-D5B7EB1256B5}.Release|Any CPU.ActiveCfg = Release|Any CPU
		{256F6419-046B-4694-BB5F-D5B7EB1256B5}.Release|Any CPU.Build.0 = Release|Any CPU
	EndGlobalSection
EndGlobal
